
Microsoft Visual Studio Solution File, Format Version 12.00
# Visual Studio Version 17
VisualStudioVersion = 17.8.34511.84
MinimumVisualStudioVersion = 10.0.40219.1
Project("{9A19103F-16F7-4668-BE54-9A1E7A4F7556}") = "LibraryManager", "LibraryManager\LibraryManager.csproj", "{5E24E7E9-E72D-498D-B066-ED4014541D88}"
EndProject
Project("{9A19103F-16F7-4668-BE54-9A1E7A4F7556}") = "BusinessLayer", "BusinessLayer\BusinessLayer.csproj", "{ED790456-602D-4E96-B357-FC942D9FF7E9}"
EndProject
Project("{9A19103F-16F7-4668-BE54-9A1E7A4F7556}") = "Services", "Services\Services.csproj", "{0A83CD6E-BC62-4FF8-ADF7-3E6575BA7289}"
EndProject
Project("{9A19103F-16F7-4668-BE54-9A1E7A4F7556}") = "BusinessObjects", "BusinessObjects\BusinessObjects.csproj", "{F024FD45-227A-4C9F-A8E7-B635943845A3}"
EndProject
Project("{9A19103F-16F7-4668-BE54-9A1E7A4F7556}") = "DataAccessLayer", "DataAccessLayer\DataAccessLayer.csproj", "{80AB935E-89CD-436D-9F9E-79D357F56D60}"
EndProject
Project("{2150E333-8FDC-42A3-9474-1A3956D46DE8}") = "Tests", "Tests", "{6F169A4E-DC0E-43CB-BF9B-EE4367952235}"
EndProject
Project("{FAE04EC0-301F-11D3-BF4B-00C04F79EFBC}") = "Services.Test", "Services.Test\Services.Test.csproj", "{8B6BA1DE-9AE1-406E-8D09-0CEA4947D11B}"
EndProject
Global
	GlobalSection(SolutionConfigurationPlatforms) = preSolution
		Debug|Any CPU = Debug|Any CPU
		Release|Any CPU = Release|Any CPU
	EndGlobalSection
	GlobalSection(ProjectConfigurationPlatforms) = postSolution
		{5E24E7E9-E72D-498D-B066-ED4014541D88}.Debug|Any CPU.ActiveCfg = Debug|Any CPU
		{5E24E7E9-E72D-498D-B066-ED4014541D88}.Debug|Any CPU.Build.0 = Debug|Any CPU
		{5E24E7E9-E72D-498D-B066-ED4014541D88}.Release|Any CPU.ActiveCfg = Release|Any CPU
		{5E24E7E9-E72D-498D-B066-ED4014541D88}.Release|Any CPU.Build.0 = Release|Any CPU
		{ED790456-602D-4E96-B357-FC942D9FF7E9}.Debug|Any CPU.ActiveCfg = Debug|Any CPU
		{ED790456-602D-4E96-B357-FC942D9FF7E9}.Debug|Any CPU.Build.0 = Debug|Any CPU
		{ED790456-602D-4E96-B357-FC942D9FF7E9}.Release|Any CPU.ActiveCfg = Release|Any CPU
		{ED790456-602D-4E96-B357-FC942D9FF7E9}.Release|Any CPU.Build.0 = Release|Any CPU
		{0A83CD6E-BC62-4FF8-ADF7-3E6575BA7289}.Debug|Any CPU.ActiveCfg = Debug|Any CPU
		{0A83CD6E-BC62-4FF8-ADF7-3E6575BA7289}.Debug|Any CPU.Build.0 = Debug|Any CPU
		{0A83CD6E-BC62-4FF8-ADF7-3E6575BA7289}.Release|Any CPU.ActiveCfg = Release|Any CPU
		{0A83CD6E-BC62-4FF8-ADF7-3E6575BA7289}.Release|Any CPU.Build.0 = Release|Any CPU
		{F024FD45-227A-4C9F-A8E7-B635943845A3}.Debug|Any CPU.ActiveCfg = Debug|Any CPU
		{F024FD45-227A-4C9F-A8E7-B635943845A3}.Debug|Any CPU.Build.0 = Debug|Any CPU
		{F024FD45-227A-4C9F-A8E7-B635943845A3}.Release|Any CPU.ActiveCfg = Release|Any CPU
		{F024FD45-227A-4C9F-A8E7-B635943845A3}.Release|Any CPU.Build.0 = Release|Any CPU
		{80AB935E-89CD-436D-9F9E-79D357F56D60}.Debug|Any CPU.ActiveCfg = Debug|Any CPU
		{80AB935E-89CD-436D-9F9E-79D357F56D60}.Debug|Any CPU.Build.0 = Debug|Any CPU
		{80AB935E-89CD-436D-9F9E-79D357F56D60}.Release|Any CPU.ActiveCfg = Release|Any CPU
		{80AB935E-89CD-436D-9F9E-79D357F56D60}.Release|Any CPU.Build.0 = Release|Any CPU
		{8B6BA1DE-9AE1-406E-8D09-0CEA4947D11B}.Debug|Any CPU.ActiveCfg = Debug|Any CPU
		{8B6BA1DE-9AE1-406E-8D09-0CEA4947D11B}.Debug|Any CPU.Build.0 = Debug|Any CPU
		{8B6BA1DE-9AE1-406E-8D09-0CEA4947D11B}.Release|Any CPU.ActiveCfg = Release|Any CPU
		{8B6BA1DE-9AE1-406E-8D09-0CEA4947D11B}.Release|Any CPU.Build.0 = Release|Any CPU
	EndGlobalSection
	GlobalSection(SolutionProperties) = preSolution
		HideSolutionNode = FALSE
	EndGlobalSection
	GlobalSection(NestedProjects) = preSolution
		{8B6BA1DE-9AE1-406E-8D09-0CEA4947D11B} = {6F169A4E-DC0E-43CB-BF9B-EE4367952235}
	EndGlobalSection
	GlobalSection(ExtensibilityGlobals) = postSolution
		SolutionGuid = {0C46B17C-3C30-463F-B4E2-1BFE763D3182}
	EndGlobalSection
EndGlobal
